
Microsoft Visual Studio Solution File, Format Version 12.00
# Visual Studio Version 17
VisualStudioVersion = 17.9.34728.123
MinimumVisualStudioVersion = 10.0.40219.1
Project("{FAE04EC0-301F-11D3-BF4B-00C04F79EFBC}") = "Clase de grafico windows", "Clase de grafico windows\Clase de grafico windows.csproj", "{3A2C5ED3-7928-447F-A31E-A1F4E551D04B}"
EndProject
Global
	GlobalSection(SolutionConfigurationPlatforms) = preSolution
		Debug|Any CPU = Debug|Any CPU
		Release|Any CPU = Release|Any CPU
	EndGlobalSection
	GlobalSection(ProjectConfigurationPlatforms) = postSolution
		{3A2C5ED3-7928-447F-A31E-A1F4E551D04B}.Debug|Any CPU.ActiveCfg = Debug|Any CPU
		{3A2C5ED3-7928-447F-A31E-A1F4E551D04B}.Debug|Any CPU.Build.0 = Debug|Any CPU
		{3A2C5ED3-7928-447F-A31E-A1F4E551D04B}.Release|Any CPU.ActiveCfg = Release|Any CPU
		{3A2C5ED3-7928-447F-A31E-A1F4E551D04B}.Release|Any CPU.Build.0 = Release|Any CPU
	EndGlobalSection
	GlobalSection(SolutionProperties) = preSolution
		HideSolutionNode = FALSE
	EndGlobalSection
	GlobalSection(ExtensibilityGlobals) = postSolution
		SolutionGuid = {5508DFDA-6D6C-4BDB-869D-DB8794F22ACB}
	EndGlobalSection
EndGlobal
